// !$*UTF8*$!
{
	archiveVersion = 1;
	classes = {
	};
	objectVersion = 46;
	objects = {

/* Begin PBXBuildFile section */
		50C490C71910BD0D000740D1 /* Foundation.framework in Frameworks */ = {isa = PBXBuildFile; fileRef = 50C490C61910BD0D000740D1 /* Foundation.framework */; };
		50C490C91910BD0D000740D1 /* CoreGraphics.framework in Frameworks */ = {isa = PBXBuildFile; fileRef = 50C490C81910BD0D000740D1 /* CoreGraphics.framework */; };
		50C490CB1910BD0D000740D1 /* UIKit.framework in Frameworks */ = {isa = PBXBuildFile; fileRef = 50C490CA1910BD0D000740D1 /* UIKit.framework */; };
		50C490D11910BD0D000740D1 /* InfoPlist.strings in Resources */ = {isa = PBXBuildFile; fileRef = 50C490CF1910BD0D000740D1 /* InfoPlist.strings */; };
		50C490D31910BD0D000740D1 /* main.m in Sources */ = {isa = PBXBuildFile; fileRef = 50C490D21910BD0D000740D1 /* main.m */; };
		50C490D71910BD0D000740D1 /* AppDelegate.m in Sources */ = {isa = PBXBuildFile; fileRef = 50C490D61910BD0D000740D1 /* AppDelegate.m */; };
		50C490DA1910BD0D000740D1 /* Main.storyboard in Resources */ = {isa = PBXBuildFile; fileRef = 50C490D81910BD0D000740D1 /* Main.storyboard */; };
		50C490DD1910BD0D000740D1 /* ViewController.m in Sources */ = {isa = PBXBuildFile; fileRef = 50C490DC1910BD0D000740D1 /* ViewController.m */; };
		50C490DF1910BD0D000740D1 /* Images.xcassets in Resources */ = {isa = PBXBuildFile; fileRef = 50C490DE1910BD0D000740D1 /* Images.xcassets */; };
		50C490E61910BD0E000740D1 /* XCTest.framework in Frameworks */ = {isa = PBXBuildFile; fileRef = 50C490E51910BD0E000740D1 /* XCTest.framework */; };
		50C490E71910BD0E000740D1 /* Foundation.framework in Frameworks */ = {isa = PBXBuildFile; fileRef = 50C490C61910BD0D000740D1 /* Foundation.framework */; };
		50C490E81910BD0E000740D1 /* UIKit.framework in Frameworks */ = {isa = PBXBuildFile; fileRef = 50C490CA1910BD0D000740D1 /* UIKit.framework */; };
		50C490F01910BD0E000740D1 /* InfoPlist.strings in Resources */ = {isa = PBXBuildFile; fileRef = 50C490EE1910BD0E000740D1 /* InfoPlist.strings */; };
		50C490F21910BD0E000740D1 /* BeaconTestTests.m in Sources */ = {isa = PBXBuildFile; fileRef = 50C490F11910BD0E000740D1 /* BeaconTestTests.m */; };
		50C490FD1910BD30000740D1 /* BeaconTrigger.m in Sources */ = {isa = PBXBuildFile; fileRef = 50C490FC1910BD30000740D1 /* BeaconTrigger.m */; };
/* End PBXBuildFile section */

/* Begin PBXContainerItemProxy section */
		50C490E91910BD0E000740D1 /* PBXContainerItemProxy */ = {
			isa = PBXContainerItemProxy;
			containerPortal = 50C490BB1910BD0D000740D1 /* Project object */;
			proxyType = 1;
			remoteGlobalIDString = 50C490C21910BD0D000740D1;
			remoteInfo = BeaconTest;
		};
/* End PBXContainerItemProxy section */

/* Begin PBXFileReference section */
		50C490C31910BD0D000740D1 /* BeaconTest.app */ = {isa = PBXFileReference; explicitFileType = wrapper.application; includeInIndex = 0; path = BeaconTest.app; sourceTree = BUILT_PRODUCTS_DIR; };
		50C490C61910BD0D000740D1 /* Foundation.framework */ = {isa = PBXFileReference; lastKnownFileType = wrapper.framework; name = Foundation.framework; path = System/Library/Frameworks/Foundation.framework; sourceTree = SDKROOT; };
		50C490C81910BD0D000740D1 /* CoreGraphics.framework */ = {isa = PBXFileReference; lastKnownFileType = wrapper.framework; name = CoreGraphics.framework; path = System/Library/Frameworks/CoreGraphics.framework; sourceTree = SDKROOT; };
		50C490CA1910BD0D000740D1 /* UIKit.framework */ = {isa = PBXFileReference; lastKnownFileType = wrapper.framework; name = UIKit.framework; path = System/Library/Frameworks/UIKit.framework; sourceTree = SDKROOT; };
		50C490CE1910BD0D000740D1 /* BeaconTest-Info.plist */ = {isa = PBXFileReference; lastKnownFileType = text.plist.xml; path = "BeaconTest-Info.plist"; sourceTree = "<group>"; };
		50C490D01910BD0D000740D1 /* en */ = {isa = PBXFileReference; lastKnownFileType = text.plist.strings; name = en; path = en.lproj/InfoPlist.strings; sourceTree = "<group>"; };
		50C490D21910BD0D000740D1 /* main.m */ = {isa = PBXFileReference; lastKnownFileType = sourcecode.c.objc; path = main.m; sourceTree = "<group>"; };
		50C490D41910BD0D000740D1 /* BeaconTest-Prefix.pch */ = {isa = PBXFileReference; lastKnownFileType = sourcecode.c.h; path = "BeaconTest-Prefix.pch"; sourceTree = "<group>"; };
		50C490D51910BD0D000740D1 /* AppDelegate.h */ = {isa = PBXFileReference; lastKnownFileType = sourcecode.c.h; path = AppDelegate.h; sourceTree = "<group>"; };
		50C490D61910BD0D000740D1 /* AppDelegate.m */ = {isa = PBXFileReference; lastKnownFileType = sourcecode.c.objc; path = AppDelegate.m; sourceTree = "<group>"; };
		50C490D91910BD0D000740D1 /* Base */ = {isa = PBXFileReference; lastKnownFileType = file.storyboard; name = Base; path = Base.lproj/Main.storyboard; sourceTree = "<group>"; };
		50C490DB1910BD0D000740D1 /* ViewController.h */ = {isa = PBXFileReference; lastKnownFileType = sourcecode.c.h; path = ViewController.h; sourceTree = "<group>"; };
		50C490DC1910BD0D000740D1 /* ViewController.m */ = {isa = PBXFileReference; lastKnownFileType = sourcecode.c.objc; path = ViewController.m; sourceTree = "<group>"; };
		50C490DE1910BD0D000740D1 /* Images.xcassets */ = {isa = PBXFileReference; lastKnownFileType = folder.assetcatalog; path = Images.xcassets; sourceTree = "<group>"; };
		50C490E41910BD0E000740D1 /* BeaconTestTests.xctest */ = {isa = PBXFileReference; explicitFileType = wrapper.cfbundle; includeInIndex = 0; path = BeaconTestTests.xctest; sourceTree = BUILT_PRODUCTS_DIR; };
		50C490E51910BD0E000740D1 /* XCTest.framework */ = {isa = PBXFileReference; lastKnownFileType = wrapper.framework; name = XCTest.framework; path = Library/Frameworks/XCTest.framework; sourceTree = DEVELOPER_DIR; };
		50C490ED1910BD0E000740D1 /* BeaconTestTests-Info.plist */ = {isa = PBXFileReference; lastKnownFileType = text.plist.xml; path = "BeaconTestTests-Info.plist"; sourceTree = "<group>"; };
		50C490EF1910BD0E000740D1 /* en */ = {isa = PBXFileReference; lastKnownFileType = text.plist.strings; name = en; path = en.lproj/InfoPlist.strings; sourceTree = "<group>"; };
		50C490F11910BD0E000740D1 /* BeaconTestTests.m */ = {isa = PBXFileReference; lastKnownFileType = sourcecode.c.objc; path = BeaconTestTests.m; sourceTree = "<group>"; };
		50C490FB1910BD30000740D1 /* BeaconTrigger.h */ = {isa = PBXFileReference; fileEncoding = 4; lastKnownFileType = sourcecode.c.h; path = BeaconTrigger.h; sourceTree = "<group>"; };
		50C490FC1910BD30000740D1 /* BeaconTrigger.m */ = {isa = PBXFileReference; fileEncoding = 4; lastKnownFileType = sourcecode.c.objc; path = BeaconTrigger.m; sourceTree = "<group>"; };
/* End PBXFileReference section */

/* Begin PBXFrameworksBuildPhase section */
		50C490C01910BD0D000740D1 /* Frameworks */ = {
			isa = PBXFrameworksBuildPhase;
			buildActionMask = 2147483647;
			files = (
				50C490C91910BD0D000740D1 /* CoreGraphics.framework in Frameworks */,
				50C490CB1910BD0D000740D1 /* UIKit.framework in Frameworks */,
				50C490C71910BD0D000740D1 /* Foundation.framework in Frameworks */,
			);
			runOnlyForDeploymentPostprocessing = 0;
		};
		50C490E11910BD0E000740D1 /* Frameworks */ = {
			isa = PBXFrameworksBuildPhase;
			buildActionMask = 2147483647;
			files = (
				50C490E61910BD0E000740D1 /* XCTest.framework in Frameworks */,
				50C490E81910BD0E000740D1 /* UIKit.framework in Frameworks */,
				50C490E71910BD0E000740D1 /* Foundation.framework in Frameworks */,
			);
			runOnlyForDeploymentPostprocessing = 0;
		};
/* End PBXFrameworksBuildPhase section */

/* Begin PBXGroup section */
		50C490BA1910BD0D000740D1 = {
			isa = PBXGroup;
			children = (
				50C490CC1910BD0D000740D1 /* BeaconTest */,
				50C490EB1910BD0E000740D1 /* BeaconTestTests */,
				50C490C51910BD0D000740D1 /* Frameworks */,
				50C490C41910BD0D000740D1 /* Products */,
			);
			sourceTree = "<group>";
		};
		50C490C41910BD0D000740D1 /* Products */ = {
			isa = PBXGroup;
			children = (
				50C490C31910BD0D000740D1 /* BeaconTest.app */,
				50C490E41910BD0E000740D1 /* BeaconTestTests.xctest */,
			);
			name = Products;
			sourceTree = "<group>";
		};
		50C490C51910BD0D000740D1 /* Frameworks */ = {
			isa = PBXGroup;
			children = (
				50C490C61910BD0D000740D1 /* Foundation.framework */,
				50C490C81910BD0D000740D1 /* CoreGraphics.framework */,
				50C490CA1910BD0D000740D1 /* UIKit.framework */,
				50C490E51910BD0E000740D1 /* XCTest.framework */,
			);
			name = Frameworks;
			sourceTree = "<group>";
		};
		50C490CC1910BD0D000740D1 /* BeaconTest */ = {
			isa = PBXGroup;
			children = (
				50C490FB1910BD30000740D1 /* BeaconTrigger.h */,
				50C490FC1910BD30000740D1 /* BeaconTrigger.m */,
				50C490D51910BD0D000740D1 /* AppDelegate.h */,
				50C490D61910BD0D000740D1 /* AppDelegate.m */,
				50C490D81910BD0D000740D1 /* Main.storyboard */,
				50C490DB1910BD0D000740D1 /* ViewController.h */,
				50C490DC1910BD0D000740D1 /* ViewController.m */,
				50C490DE1910BD0D000740D1 /* Images.xcassets */,
				50C490CD1910BD0D000740D1 /* Supporting Files */,
			);
			path = BeaconTest;
			sourceTree = "<group>";
		};
		50C490CD1910BD0D000740D1 /* Supporting Files */ = {
			isa = PBXGroup;
			children = (
				50C490CE1910BD0D000740D1 /* BeaconTest-Info.plist */,
				50C490CF1910BD0D000740D1 /* InfoPlist.strings */,
				50C490D21910BD0D000740D1 /* main.m */,
				50C490D41910BD0D000740D1 /* BeaconTest-Prefix.pch */,
			);
			name = "Supporting Files";
			sourceTree = "<group>";
		};
		50C490EB1910BD0E000740D1 /* BeaconTestTests */ = {
			isa = PBXGroup;
			children = (
				50C490F11910BD0E000740D1 /* BeaconTestTests.m */,
				50C490EC1910BD0E000740D1 /* Supporting Files */,
			);
			path = BeaconTestTests;
			sourceTree = "<group>";
		};
		50C490EC1910BD0E000740D1 /* Supporting Files */ = {
			isa = PBXGroup;
			children = (
				50C490ED1910BD0E000740D1 /* BeaconTestTests-Info.plist */,
				50C490EE1910BD0E000740D1 /* InfoPlist.strings */,
			);
			name = "Supporting Files";
			sourceTree = "<group>";
		};
/* End PBXGroup section */

/* Begin PBXNativeTarget section */
		50C490C21910BD0D000740D1 /* BeaconTest */ = {
			isa = PBXNativeTarget;
			buildConfigurationList = 50C490F51910BD0E000740D1 /* Build configuration list for PBXNativeTarget "BeaconTest" */;
			buildPhases = (
				50C490BF1910BD0D000740D1 /* Sources */,
				50C490C01910BD0D000740D1 /* Frameworks */,
				50C490C11910BD0D000740D1 /* Resources */,
			);
			buildRules = (
			);
			dependencies = (
			);
			name = BeaconTest;
			productName = BeaconTest;
			productReference = 50C490C31910BD0D000740D1 /* BeaconTest.app */;
			productType = "com.apple.product-type.application";
		};
		50C490E31910BD0E000740D1 /* BeaconTestTests */ = {
			isa = PBXNativeTarget;
			buildConfigurationList = 50C490F81910BD0E000740D1 /* Build configuration list for PBXNativeTarget "BeaconTestTests" */;
			buildPhases = (
				50C490E01910BD0E000740D1 /* Sources */,
				50C490E11910BD0E000740D1 /* Frameworks */,
				50C490E21910BD0E000740D1 /* Resources */,
			);
			buildRules = (
			);
			dependencies = (
				50C490EA1910BD0E000740D1 /* PBXTargetDependency */,
			);
			name = BeaconTestTests;
			productName = BeaconTestTests;
			productReference = 50C490E41910BD0E000740D1 /* BeaconTestTests.xctest */;
			productType = "com.apple.product-type.bundle.unit-test";
		};
/* End PBXNativeTarget section */

/* Begin PBXProject section */
		50C490BB1910BD0D000740D1 /* Project object */ = {
			isa = PBXProject;
			attributes = {
				LastUpgradeCheck = 0510;
				ORGANIZATIONNAME = WillCraft;
				TargetAttributes = {
					50C490C21910BD0D000740D1 = {
						SystemCapabilities = {
							com.apple.BackgroundModes = {
								enabled = 0;
							};
						};
					};
					50C490E31910BD0E000740D1 = {
						TestTargetID = 50C490C21910BD0D000740D1;
					};
				};
			};
			buildConfigurationList = 50C490BE1910BD0D000740D1 /* Build configuration list for PBXProject "BeaconTest" */;
			compatibilityVersion = "Xcode 3.2";
			developmentRegion = English;
			hasScannedForEncodings = 0;
			knownRegions = (
				en,
				Base,
			);
			mainGroup = 50C490BA1910BD0D000740D1;
			productRefGroup = 50C490C41910BD0D000740D1 /* Products */;
			projectDirPath = "";
			projectRoot = "";
			targets = (
				50C490C21910BD0D000740D1 /* BeaconTest */,
				50C490E31910BD0E000740D1 /* BeaconTestTests */,
			);
		};
/* End PBXProject section */

/* Begin PBXResourcesBuildPhase section */
		50C490C11910BD0D000740D1 /* Resources */ = {
			isa = PBXResourcesBuildPhase;
			buildActionMask = 2147483647;
			files = (
				50C490DF1910BD0D000740D1 /* Images.xcassets in Resources */,
				50C490D11910BD0D000740D1 /* InfoPlist.strings in Resources */,
				50C490DA1910BD0D000740D1 /* Main.storyboard in Resources */,
			);
			runOnlyForDeploymentPostprocessing = 0;
		};
		50C490E21910BD0E000740D1 /* Resources */ = {
			isa = PBXResourcesBuildPhase;
			buildActionMask = 2147483647;
			files = (
				50C490F01910BD0E000740D1 /* InfoPlist.strings in Resources */,
			);
			runOnlyForDeploymentPostprocessing = 0;
		};
/* End PBXResourcesBuildPhase section */

/* Begin PBXSourcesBuildPhase section */
		50C490BF1910BD0D000740D1 /* Sources */ = {
			isa = PBXSourcesBuildPhase;
			buildActionMask = 2147483647;
			files = (
				50C490DD1910BD0D000740D1 /* ViewController.m in Sources */,
				50C490D71910BD0D000740D1 /* AppDelegate.m in Sources */,
				50C490FD1910BD30000740D1 /* BeaconTrigger.m in Sources */,
				50C490D31910BD0D000740D1 /* main.m in Sources */,
			);
			runOnlyForDeploymentPostprocessing = 0;
		};
		50C490E01910BD0E000740D1 /* Sources */ = {
			isa = PBXSourcesBuildPhase;
			buildActionMask = 2147483647;
			files = (
				50C490F21910BD0E000740D1 /* BeaconTestTests.m in Sources */,
			);
			runOnlyForDeploymentPostprocessing = 0;
		};
/* End PBXSourcesBuildPhase section */

/* Begin PBXTargetDependency section */
		50C490EA1910BD0E000740D1 /* PBXTargetDependency */ = {
			isa = PBXTargetDependency;
			target = 50C490C21910BD0D000740D1 /* BeaconTest */;
			targetProxy = 50C490E91910BD0E000740D1 /* PBXContainerItemProxy */;
		};
/* End PBXTargetDependency section */

/* Begin PBXVariantGroup section */
		50C490CF1910BD0D000740D1 /* InfoPlist.strings */ = {
			isa = PBXVariantGroup;
			children = (
				50C490D01910BD0D000740D1 /* en */,
			);
			name = InfoPlist.strings;
			sourceTree = "<group>";
		};
		50C490D81910BD0D000740D1 /* Main.storyboard */ = {
			isa = PBXVariantGroup;
			children = (
				50C490D91910BD0D000740D1 /* Base */,
			);
			name = Main.storyboard;
			sourceTree = "<group>";
		};
		50C490EE1910BD0E000740D1 /* InfoPlist.strings */ = {
			isa = PBXVariantGroup;
			children = (
				50C490EF1910BD0E000740D1 /* en */,
			);
			name = InfoPlist.strings;
			sourceTree = "<group>";
		};
/* End PBXVariantGroup section */

/* Begin XCBuildConfiguration section */
		50C490F31910BD0E000740D1 /* Debug */ = {
			isa = XCBuildConfiguration;
			buildSettings = {
				ALWAYS_SEARCH_USER_PATHS = NO;
				CLANG_CXX_LANGUAGE_STANDARD = "gnu++0x";
				CLANG_CXX_LIBRARY = "libc++";
				CLANG_ENABLE_MODULES = YES;
				CLANG_ENABLE_OBJC_ARC = YES;
				CLANG_WARN_BOOL_CONVERSION = YES;
				CLANG_WARN_CONSTANT_CONVERSION = YES;
				CLANG_WARN_DIRECT_OBJC_ISA_USAGE = YES_ERROR;
				CLANG_WARN_EMPTY_BODY = YES;
				CLANG_WARN_ENUM_CONVERSION = YES;
				CLANG_WARN_INT_CONVERSION = YES;
				CLANG_WARN_OBJC_ROOT_CLASS = YES_ERROR;
				CLANG_WARN__DUPLICATE_METHOD_MATCH = YES;
				"CODE_SIGN_IDENTITY[sdk=iphoneos*]" = "iPhone Developer";
				COPY_PHASE_STRIP = NO;
				GCC_C_LANGUAGE_STANDARD = gnu99;
				GCC_DYNAMIC_NO_PIC = NO;
				GCC_OPTIMIZATION_LEVEL = 0;
				GCC_PREPROCESSOR_DEFINITIONS = (
					"DEBUG=1",
					"$(inherited)",
				);
				GCC_SYMBOLS_PRIVATE_EXTERN = NO;
				GCC_WARN_64_TO_32_BIT_CONVERSION = YES;
				GCC_WARN_ABOUT_RETURN_TYPE = YES_ERROR;
				GCC_WARN_UNDECLARED_SELECTOR = YES;
				GCC_WARN_UNINITIALIZED_AUTOS = YES_AGGRESSIVE;
				GCC_WARN_UNUSED_FUNCTION = YES;
				GCC_WARN_UNUSED_VARIABLE = YES;
				IPHONEOS_DEPLOYMENT_TARGET = 7.1;
				ONLY_ACTIVE_ARCH = YES;
				SDKROOT = iphoneos;
			};
			name = Debug;
		};
		50C490F41910BD0E000740D1 /* Release */ = {
			isa = XCBuildConfiguration;
			buildSettings = {
				ALWAYS_SEARCH_USER_PATHS = NO;
				CLANG_CXX_LANGUAGE_STANDARD = "gnu++0x";
				CLANG_CXX_LIBRARY = "libc++";
				CLANG_ENABLE_MODULES = YES;
				CLANG_ENABLE_OBJC_ARC = YES;
				CLANG_WARN_BOOL_CONVERSION = YES;
				CLANG_WARN_CONSTANT_CONVERSION = YES;
				CLANG_WARN_DIRECT_OBJC_ISA_USAGE = YES_ERROR;
				CLANG_WARN_EMPTY_BODY = YES;
				CLANG_WARN_ENUM_CONVERSION = YES;
				CLANG_WARN_INT_CONVERSION = YES;
				CLANG_WARN_OBJC_ROOT_CLASS = YES_ERROR;
				CLANG_WARN__DUPLICATE_METHOD_MATCH = YES;
				"CODE_SIGN_IDENTITY[sdk=iphoneos*]" = "iPhone Developer";
				COPY_PHASE_STRIP = YES;
				ENABLE_NS_ASSERTIONS = NO;
				GCC_C_LANGUAGE_STANDARD = gnu99;
				GCC_WARN_64_TO_32_BIT_CONVERSION = YES;
				GCC_WARN_ABOUT_RETURN_TYPE = YES_ERROR;
				GCC_WARN_UNDECLARED_SELECTOR = YES;
				GCC_WARN_UNINITIALIZED_AUTOS = YES_AGGRESSIVE;
				GCC_WARN_UNUSED_FUNCTION = YES;
				GCC_WARN_UNUSED_VARIABLE = YES;
				IPHONEOS_DEPLOYMENT_TARGET = 7.1;
				SDKROOT = iphoneos;
				VALIDATE_PRODUCT = YES;
			};
			name = Release;
		};
		50C490F61910BD0E000740D1 /* Debug */ = {
			isa = XCBuildConfiguration;
			buildSettings = {
				ASSETCATALOG_COMPILER_APPICON_NAME = AppIcon;
				ASSETCATALOG_COMPILER_LAUNCHIMAGE_NAME = LaunchImage;
				GCC_PRECOMPILE_PREFIX_HEADER = YES;
				GCC_PREFIX_HEADER = "BeaconTest/BeaconTest-Prefix.pch";
				INFOPLIST_FILE = "BeaconTest/BeaconTest-Info.plist";
				PRODUCT_NAME = "$(TARGET_NAME)";
				WRAPPER_EXTENSION = app;
			};
			name = Debug;
		};
		50C490F71910BD0E000740D1 /* Release */ = {
			isa = XCBuildConfiguration;
			buildSettings = {
				ASSETCATALOG_COMPILER_APPICON_NAME = AppIcon;
				ASSETCATALOG_COMPILER_LAUNCHIMAGE_NAME = LaunchImage;
				GCC_PRECOMPILE_PREFIX_HEADER = YES;
				GCC_PREFIX_HEADER = "BeaconTest/BeaconTest-Prefix.pch";
				INFOPLIST_FILE = "BeaconTest/BeaconTest-Info.plist";
				PRODUCT_NAME = "$(TARGET_NAME)";
				WRAPPER_EXTENSION = app;
			};
			name = Release;
		};
		50C490F91910BD0E000740D1 /* Debug */ = {
			isa = XCBuildConfiguration;
			buildSettings = {
				BUNDLE_LOADER = "$(BUILT_PRODUCTS_DIR)/BeaconTest.app/BeaconTest";
				FRAMEWORK_SEARCH_PATHS = (
					"$(SDKROOT)/Developer/Library/Frameworks",
					"$(inherited)",
					"$(DEVELOPER_FRAMEWORKS_DIR)",
				);
				GCC_PRECOMPILE_PREFIX_HEADER = YES;
				GCC_PREFIX_HEADER = "BeaconTest/BeaconTest-Prefix.pch";
				GCC_PREPROCESSOR_DEFINITIONS = (
					"DEBUG=1",
					"$(inherited)",
				);
				INFOPLIST_FILE = "BeaconTestTests/BeaconTestTests-Info.plist";
				PRODUCT_NAME = "$(TARGET_NAME)";
				TEST_HOST = "$(BUNDLE_LOADER)";
				WRAPPER_EXTENSION = xctest;
			};
			name = Debug;
		};
		50C490FA1910BD0E000740D1 /* Release */ = {
			isa = XCBuildConfiguration;
			buildSettings = {
				BUNDLE_LOADER = "$(BUILT_PRODUCTS_DIR)/BeaconTest.app/BeaconTest";
				FRAMEWORK_SEARCH_PATHS = (
					"$(SDKROOT)/Developer/Library/Frameworks",
					"$(inherited)",
					"$(DEVELOPER_FRAMEWORKS_DIR)",
				);
				GCC_PRECOMPILE_PREFIX_HEADER = YES;
				GCC_PREFIX_HEADER = "BeaconTest/BeaconTest-Prefix.pch";
				INFOPLIST_FILE = "BeaconTestTests/BeaconTestTests-Info.plist";
				PRODUCT_NAME = "$(TARGET_NAME)";
				TEST_HOST = "$(BUNDLE_LOADER)";
				WRAPPER_EXTENSION = xctest;
			};
			name = Release;
		};
/* End XCBuildConfiguration section */

/* Begin XCConfigurationList section */
		50C490BE1910BD0D000740D1 /* Build configuration list for PBXProject "BeaconTest" */ = {
			isa = XCConfigurationList;
			buildConfigurations = (
				50C490F31910BD0E000740D1 /* Debug */,
				50C490F41910BD0E000740D1 /* Release */,
			);
			defaultConfigurationIsVisible = 0;
			defaultConfigurationName = Release;
		};
		50C490F51910BD0E000740D1 /* Build configuration list for PBXNativeTarget "BeaconTest" */ = {
			isa = XCConfigurationList;
			buildConfigurations = (
				50C490F61910BD0E000740D1 /* Debug */,
				50C490F71910BD0E000740D1 /* Release */,
			);
			defaultConfigurationIsVisible = 0;
		};
		50C490F81910BD0E000740D1 /* Build configuration list for PBXNativeTarget "BeaconTestTests" */ = {
			isa = XCConfigurationList;
			buildConfigurations = (
				50C490F91910BD0E000740D1 /* Debug */,
				50C490FA1910BD0E000740D1 /* Release */,
			);
			defaultConfigurationIsVisible = 0;
		};
/* End XCConfigurationList section */
	};
	rootObject = 50C490BB1910BD0D000740D1 /* Project object */;
}
